// !$*UTF8*$!
{
	archiveVersion = 1;
	classes = {
	};
	objectVersion = 51;
	objects = {

/* Begin PBXBuildFile section */
		53B15046429B013C58936EFE /* Pods_Cst495_Project.framework in Frameworks */ = {isa = PBXBuildFile; fileRef = 33AC458E0E4EDBA512325C9F /* Pods_Cst495_Project.framework */; };
		55132BD56CB8BFB2F58EB352 /* Pods_Cst495_ProjectTests.framework in Frameworks */ = {isa = PBXBuildFile; fileRef = B0D2B105B01C6C20E0D250CF /* Pods_Cst495_ProjectTests.framework */; };
		5AFBF9502164533300872218 /* AppDelegate.swift in Sources */ = {isa = PBXBuildFile; fileRef = 5AFBF94F2164533300872218 /* AppDelegate.swift */; };
		5AFBF9552164533300872218 /* Main.storyboard in Resources */ = {isa = PBXBuildFile; fileRef = 5AFBF9532164533300872218 /* Main.storyboard */; };
		5AFBF9572164533400872218 /* Assets.xcassets in Resources */ = {isa = PBXBuildFile; fileRef = 5AFBF9562164533400872218 /* Assets.xcassets */; };
		5AFBF95A2164533400872218 /* LaunchScreen.storyboard in Resources */ = {isa = PBXBuildFile; fileRef = 5AFBF9582164533400872218 /* LaunchScreen.storyboard */; };
		5AFBF9652164533400872218 /* Cst495_ProjectTests.swift in Sources */ = {isa = PBXBuildFile; fileRef = 5AFBF9642164533400872218 /* Cst495_ProjectTests.swift */; };
		5AFBF9702164533400872218 /* Cst495_ProjectUITests.swift in Sources */ = {isa = PBXBuildFile; fileRef = 5AFBF96F2164533400872218 /* Cst495_ProjectUITests.swift */; };
		A353E90A21AE6F5D00BC262F /* CalloutViewModel.swift in Sources */ = {isa = PBXBuildFile; fileRef = A353E90921AE6F5D00BC262F /* CalloutViewModel.swift */; };
		A353E90C21AE751400BC262F /* PinView.xib in Resources */ = {isa = PBXBuildFile; fileRef = A353E90B21AE751400BC262F /* PinView.xib */; };
		A37D2CB921B8344700927C7A /* CalloutView.swift in Sources */ = {isa = PBXBuildFile; fileRef = A37D2CB821B8344700927C7A /* CalloutView.swift */; };
		D115DBD8217FF7F900228076 /* LoginViewController.swift in Sources */ = {isa = PBXBuildFile; fileRef = D115DBD7217FF7F900228076 /* LoginViewController.swift */; };
		D115DBDA2180128900228076 /* MapKit.framework in Frameworks */ = {isa = PBXBuildFile; fileRef = D115DBD92180128900228076 /* MapKit.framework */; };
		D115DBDC218012D600228076 /* MapViewController.swift in Sources */ = {isa = PBXBuildFile; fileRef = D115DBDB218012D600228076 /* MapViewController.swift */; };
		D128B40D21837A6A00E9168E /* PostViewController.swift in Sources */ = {isa = PBXBuildFile; fileRef = D128B40C21837A6A00E9168E /* PostViewController.swift */; };
		EDFDBA2805DE34E6DEF4987A /* Pods_Cst495_ProjectUITests.framework in Frameworks */ = {isa = PBXBuildFile; fileRef = 0387DA4615B1B369E0732AD0 /* Pods_Cst495_ProjectUITests.framework */; };
/* End PBXBuildFile section */

/* Begin PBXContainerItemProxy section */
		5AFBF9612164533400872218 /* PBXContainerItemProxy */ = {
			isa = PBXContainerItemProxy;
			containerPortal = 5AFBF9442164533300872218 /* Project object */;
			proxyType = 1;
			remoteGlobalIDString = 5AFBF94B2164533300872218;
			remoteInfo = "Cst495-Project";
		};
		5AFBF96C2164533400872218 /* PBXContainerItemProxy */ = {
			isa = PBXContainerItemProxy;
			containerPortal = 5AFBF9442164533300872218 /* Project object */;
			proxyType = 1;
			remoteGlobalIDString = 5AFBF94B2164533300872218;
			remoteInfo = "Cst495-Project";
		};
/* End PBXContainerItemProxy section */

/* Begin PBXFileReference section */
		0387DA4615B1B369E0732AD0 /* Pods_Cst495_ProjectUITests.framework */ = {isa = PBXFileReference; explicitFileType = wrapper.framework; includeInIndex = 0; path = Pods_Cst495_ProjectUITests.framework; sourceTree = BUILT_PRODUCTS_DIR; };
		33AC458E0E4EDBA512325C9F /* Pods_Cst495_Project.framework */ = {isa = PBXFileReference; explicitFileType = wrapper.framework; includeInIndex = 0; path = Pods_Cst495_Project.framework; sourceTree = BUILT_PRODUCTS_DIR; };
		424E9FB573ED054F38641403 /* Pods-Cst495-Project.release.xcconfig */ = {isa = PBXFileReference; includeInIndex = 1; lastKnownFileType = text.xcconfig; name = "Pods-Cst495-Project.release.xcconfig"; path = "Pods/Target Support Files/Pods-Cst495-Project/Pods-Cst495-Project.release.xcconfig"; sourceTree = "<group>"; };
		5AFBF94C2164533300872218 /* Cst495-Project.app */ = {isa = PBXFileReference; explicitFileType = wrapper.application; includeInIndex = 0; path = "Cst495-Project.app"; sourceTree = BUILT_PRODUCTS_DIR; };
		5AFBF94F2164533300872218 /* AppDelegate.swift */ = {isa = PBXFileReference; lastKnownFileType = sourcecode.swift; path = AppDelegate.swift; sourceTree = "<group>"; };
		5AFBF9542164533300872218 /* Base */ = {isa = PBXFileReference; lastKnownFileType = file.storyboard; name = Base; path = Base.lproj/Main.storyboard; sourceTree = "<group>"; };
		5AFBF9562164533400872218 /* Assets.xcassets */ = {isa = PBXFileReference; lastKnownFileType = folder.assetcatalog; path = Assets.xcassets; sourceTree = "<group>"; };
		5AFBF9592164533400872218 /* Base */ = {isa = PBXFileReference; lastKnownFileType = file.storyboard; name = Base; path = Base.lproj/LaunchScreen.storyboard; sourceTree = "<group>"; };
		5AFBF95B2164533400872218 /* Info.plist */ = {isa = PBXFileReference; lastKnownFileType = text.plist.xml; path = Info.plist; sourceTree = "<group>"; };
		5AFBF9602164533400872218 /* Cst495-ProjectTests.xctest */ = {isa = PBXFileReference; explicitFileType = wrapper.cfbundle; includeInIndex = 0; path = "Cst495-ProjectTests.xctest"; sourceTree = BUILT_PRODUCTS_DIR; };
		5AFBF9642164533400872218 /* Cst495_ProjectTests.swift */ = {isa = PBXFileReference; lastKnownFileType = sourcecode.swift; path = Cst495_ProjectTests.swift; sourceTree = "<group>"; };
		5AFBF9662164533400872218 /* Info.plist */ = {isa = PBXFileReference; lastKnownFileType = text.plist.xml; path = Info.plist; sourceTree = "<group>"; };
		5AFBF96B2164533400872218 /* Cst495-ProjectUITests.xctest */ = {isa = PBXFileReference; explicitFileType = wrapper.cfbundle; includeInIndex = 0; path = "Cst495-ProjectUITests.xctest"; sourceTree = BUILT_PRODUCTS_DIR; };
		5AFBF96F2164533400872218 /* Cst495_ProjectUITests.swift */ = {isa = PBXFileReference; lastKnownFileType = sourcecode.swift; path = Cst495_ProjectUITests.swift; sourceTree = "<group>"; };
		5AFBF9712164533400872218 /* Info.plist */ = {isa = PBXFileReference; lastKnownFileType = text.plist.xml; path = Info.plist; sourceTree = "<group>"; };
		5B6C99CA0B489E97BCA5778A /* Pods-Cst495-Project.debug.xcconfig */ = {isa = PBXFileReference; includeInIndex = 1; lastKnownFileType = text.xcconfig; name = "Pods-Cst495-Project.debug.xcconfig"; path = "Pods/Target Support Files/Pods-Cst495-Project/Pods-Cst495-Project.debug.xcconfig"; sourceTree = "<group>"; };
		91908848FFCD836423C54C92 /* Pods-Cst495-ProjectTests.release.xcconfig */ = {isa = PBXFileReference; includeInIndex = 1; lastKnownFileType = text.xcconfig; name = "Pods-Cst495-ProjectTests.release.xcconfig"; path = "Pods/Target Support Files/Pods-Cst495-ProjectTests/Pods-Cst495-ProjectTests.release.xcconfig"; sourceTree = "<group>"; };
		9602817BA79DEAF23BDBFD15 /* Pods-Cst495-ProjectUITests.release.xcconfig */ = {isa = PBXFileReference; includeInIndex = 1; lastKnownFileType = text.xcconfig; name = "Pods-Cst495-ProjectUITests.release.xcconfig"; path = "Pods/Target Support Files/Pods-Cst495-ProjectUITests/Pods-Cst495-ProjectUITests.release.xcconfig"; sourceTree = "<group>"; };
		A353E90921AE6F5D00BC262F /* CalloutViewModel.swift */ = {isa = PBXFileReference; lastKnownFileType = sourcecode.swift; path = CalloutViewModel.swift; sourceTree = "<group>"; };
		A353E90B21AE751400BC262F /* PinView.xib */ = {isa = PBXFileReference; lastKnownFileType = file.xib; path = PinView.xib; sourceTree = "<group>"; };
		A37D2CB821B8344700927C7A /* CalloutView.swift */ = {isa = PBXFileReference; lastKnownFileType = sourcecode.swift; path = CalloutView.swift; sourceTree = "<group>"; };
		A49AA9F26121561B304BF865 /* Pods-Cst495-ProjectTests.debug.xcconfig */ = {isa = PBXFileReference; includeInIndex = 1; lastKnownFileType = text.xcconfig; name = "Pods-Cst495-ProjectTests.debug.xcconfig"; path = "Pods/Target Support Files/Pods-Cst495-ProjectTests/Pods-Cst495-ProjectTests.debug.xcconfig"; sourceTree = "<group>"; };
		B0D2B105B01C6C20E0D250CF /* Pods_Cst495_ProjectTests.framework */ = {isa = PBXFileReference; explicitFileType = wrapper.framework; includeInIndex = 0; path = Pods_Cst495_ProjectTests.framework; sourceTree = BUILT_PRODUCTS_DIR; };
		D115DBD7217FF7F900228076 /* LoginViewController.swift */ = {isa = PBXFileReference; lastKnownFileType = sourcecode.swift; path = LoginViewController.swift; sourceTree = "<group>"; };
		D115DBD92180128900228076 /* MapKit.framework */ = {isa = PBXFileReference; lastKnownFileType = wrapper.framework; name = MapKit.framework; path = System/Library/Frameworks/MapKit.framework; sourceTree = SDKROOT; };
		D115DBDB218012D600228076 /* MapViewController.swift */ = {isa = PBXFileReference; lastKnownFileType = sourcecode.swift; path = MapViewController.swift; sourceTree = "<group>"; };
		D128B40C21837A6A00E9168E /* PostViewController.swift */ = {isa = PBXFileReference; lastKnownFileType = sourcecode.swift; path = PostViewController.swift; sourceTree = "<group>"; };
		E290C61A3008D571DD1CCD57 /* Pods-Cst495-ProjectUITests.debug.xcconfig */ = {isa = PBXFileReference; includeInIndex = 1; lastKnownFileType = text.xcconfig; name = "Pods-Cst495-ProjectUITests.debug.xcconfig"; path = "Pods/Target Support Files/Pods-Cst495-ProjectUITests/Pods-Cst495-ProjectUITests.debug.xcconfig"; sourceTree = "<group>"; };
/* End PBXFileReference section */

/* Begin PBXFrameworksBuildPhase section */
		5AFBF9492164533300872218 /* Frameworks */ = {
			isa = PBXFrameworksBuildPhase;
			buildActionMask = 2147483647;
			files = (
				D115DBDA2180128900228076 /* MapKit.framework in Frameworks */,
				53B15046429B013C58936EFE /* Pods_Cst495_Project.framework in Frameworks */,
			);
			runOnlyForDeploymentPostprocessing = 0;
		};
		5AFBF95D2164533400872218 /* Frameworks */ = {
			isa = PBXFrameworksBuildPhase;
			buildActionMask = 2147483647;
			files = (
				55132BD56CB8BFB2F58EB352 /* Pods_Cst495_ProjectTests.framework in Frameworks */,
			);
			runOnlyForDeploymentPostprocessing = 0;
		};
		5AFBF9682164533400872218 /* Frameworks */ = {
			isa = PBXFrameworksBuildPhase;
			buildActionMask = 2147483647;
			files = (
				EDFDBA2805DE34E6DEF4987A /* Pods_Cst495_ProjectUITests.framework in Frameworks */,
			);
			runOnlyForDeploymentPostprocessing = 0;
		};
/* End PBXFrameworksBuildPhase section */

/* Begin PBXGroup section */
		4E617B0CA57BDEE09E41AB8B /* Pods */ = {
			isa = PBXGroup;
			children = (
				5B6C99CA0B489E97BCA5778A /* Pods-Cst495-Project.debug.xcconfig */,
				424E9FB573ED054F38641403 /* Pods-Cst495-Project.release.xcconfig */,
				A49AA9F26121561B304BF865 /* Pods-Cst495-ProjectTests.debug.xcconfig */,
				91908848FFCD836423C54C92 /* Pods-Cst495-ProjectTests.release.xcconfig */,
				E290C61A3008D571DD1CCD57 /* Pods-Cst495-ProjectUITests.debug.xcconfig */,
				9602817BA79DEAF23BDBFD15 /* Pods-Cst495-ProjectUITests.release.xcconfig */,
			);
			name = Pods;
			sourceTree = "<group>";
		};
		567CFAE0141B81A1677D318F /* Frameworks */ = {
			isa = PBXGroup;
			children = (
				D115DBD92180128900228076 /* MapKit.framework */,
				33AC458E0E4EDBA512325C9F /* Pods_Cst495_Project.framework */,
				B0D2B105B01C6C20E0D250CF /* Pods_Cst495_ProjectTests.framework */,
				0387DA4615B1B369E0732AD0 /* Pods_Cst495_ProjectUITests.framework */,
			);
			name = Frameworks;
			sourceTree = "<group>";
		};
		5AFBF9432164533300872218 = {
			isa = PBXGroup;
			children = (
				5AFBF94E2164533300872218 /* Cst495-Project */,
				5AFBF9632164533400872218 /* Cst495-ProjectTests */,
				5AFBF96E2164533400872218 /* Cst495-ProjectUITests */,
				5AFBF94D2164533300872218 /* Products */,
				4E617B0CA57BDEE09E41AB8B /* Pods */,
				567CFAE0141B81A1677D318F /* Frameworks */,
			);
			sourceTree = "<group>";
		};
		5AFBF94D2164533300872218 /* Products */ = {
			isa = PBXGroup;
			children = (
				5AFBF94C2164533300872218 /* Cst495-Project.app */,
				5AFBF9602164533400872218 /* Cst495-ProjectTests.xctest */,
				5AFBF96B2164533400872218 /* Cst495-ProjectUITests.xctest */,
			);
			name = Products;
			sourceTree = "<group>";
		};
		5AFBF94E2164533300872218 /* Cst495-Project */ = {
			isa = PBXGroup;
			children = (
				D115DBD6217FF7B100228076 /* View Controllers */,
				5AFBF94F2164533300872218 /* AppDelegate.swift */,
				A37D2CB821B8344700927C7A /* CalloutView.swift */,
				A353E90921AE6F5D00BC262F /* CalloutViewModel.swift */,
				5AFBF9532164533300872218 /* Main.storyboard */,
				5AFBF9562164533400872218 /* Assets.xcassets */,
				5AFBF9582164533400872218 /* LaunchScreen.storyboard */,
				5AFBF95B2164533400872218 /* Info.plist */,
			);
			path = "Cst495-Project";
			sourceTree = "<group>";
		};
		5AFBF9632164533400872218 /* Cst495-ProjectTests */ = {
			isa = PBXGroup;
			children = (
				5AFBF9642164533400872218 /* Cst495_ProjectTests.swift */,
				5AFBF9662164533400872218 /* Info.plist */,
			);
			path = "Cst495-ProjectTests";
			sourceTree = "<group>";
		};
		5AFBF96E2164533400872218 /* Cst495-ProjectUITests */ = {
			isa = PBXGroup;
			children = (
				5AFBF96F2164533400872218 /* Cst495_ProjectUITests.swift */,
				5AFBF9712164533400872218 /* Info.plist */,
			);
			path = "Cst495-ProjectUITests";
			sourceTree = "<group>";
		};
		D115DBD6217FF7B100228076 /* View Controllers */ = {
			isa = PBXGroup;
			children = (
				D115DBD7217FF7F900228076 /* LoginViewController.swift */,
				D115DBDB218012D600228076 /* MapViewController.swift */,
				A353E90B21AE751400BC262F /* PinView.xib */,
				D128B40C21837A6A00E9168E /* PostViewController.swift */,
			);
			name = "View Controllers";
			sourceTree = "<group>";
		};
/* End PBXGroup section */

/* Begin PBXNativeTarget section */
		5AFBF94B2164533300872218 /* Cst495-Project */ = {
			isa = PBXNativeTarget;
			buildConfigurationList = 5AFBF9742164533400872218 /* Build configuration list for PBXNativeTarget "Cst495-Project" */;
			buildPhases = (
				FFA080A4FE9BAD5DE9B0A0A2 /* [CP] Check Pods Manifest.lock */,
				5AFBF9482164533300872218 /* Sources */,
				5AFBF9492164533300872218 /* Frameworks */,
				5AFBF94A2164533300872218 /* Resources */,
				278602EA7B5D4F5869F31E2B /* [CP] Embed Pods Frameworks */,
			);
			buildRules = (
			);
			dependencies = (
			);
			name = "Cst495-Project";
			productName = "Cst495-Project";
			productReference = 5AFBF94C2164533300872218 /* Cst495-Project.app */;
			productType = "com.apple.product-type.application";
		};
		5AFBF95F2164533400872218 /* Cst495-ProjectTests */ = {
			isa = PBXNativeTarget;
			buildConfigurationList = 5AFBF9772164533400872218 /* Build configuration list for PBXNativeTarget "Cst495-ProjectTests" */;
			buildPhases = (
				D9BAF6E28C2F1065AB331A83 /* [CP] Check Pods Manifest.lock */,
				5AFBF95C2164533400872218 /* Sources */,
				5AFBF95D2164533400872218 /* Frameworks */,
				5AFBF95E2164533400872218 /* Resources */,
			);
			buildRules = (
			);
			dependencies = (
				5AFBF9622164533400872218 /* PBXTargetDependency */,
			);
			name = "Cst495-ProjectTests";
			productName = "Cst495-ProjectTests";
			productReference = 5AFBF9602164533400872218 /* Cst495-ProjectTests.xctest */;
			productType = "com.apple.product-type.bundle.unit-test";
		};
		5AFBF96A2164533400872218 /* Cst495-ProjectUITests */ = {
			isa = PBXNativeTarget;
			buildConfigurationList = 5AFBF97A2164533400872218 /* Build configuration list for PBXNativeTarget "Cst495-ProjectUITests" */;
			buildPhases = (
				927183FF06D30DE9B6AACD57 /* [CP] Check Pods Manifest.lock */,
				5AFBF9672164533400872218 /* Sources */,
				5AFBF9682164533400872218 /* Frameworks */,
				5AFBF9692164533400872218 /* Resources */,
			);
			buildRules = (
			);
			dependencies = (
				5AFBF96D2164533400872218 /* PBXTargetDependency */,
			);
			name = "Cst495-ProjectUITests";
			productName = "Cst495-ProjectUITests";
			productReference = 5AFBF96B2164533400872218 /* Cst495-ProjectUITests.xctest */;
			productType = "com.apple.product-type.bundle.ui-testing";
		};
/* End PBXNativeTarget section */

/* Begin PBXProject section */
		5AFBF9442164533300872218 /* Project object */ = {
			isa = PBXProject;
			attributes = {
				LastSwiftUpdateCheck = 1000;
				LastUpgradeCheck = 1000;
				ORGANIZATIONNAME = rbradley;
				TargetAttributes = {
					5AFBF94B2164533300872218 = {
						CreatedOnToolsVersion = 10.0;
						SystemCapabilities = {
							com.apple.Maps.iOS = {
								enabled = 1;
							};
						};
					};
					5AFBF95F2164533400872218 = {
						CreatedOnToolsVersion = 10.0;
						TestTargetID = 5AFBF94B2164533300872218;
					};
					5AFBF96A2164533400872218 = {
						CreatedOnToolsVersion = 10.0;
						TestTargetID = 5AFBF94B2164533300872218;
					};
				};
			};
			buildConfigurationList = 5AFBF9472164533300872218 /* Build configuration list for PBXProject "Cst495-Project" */;
			compatibilityVersion = "Xcode 10.0";
			developmentRegion = en;
			hasScannedForEncodings = 0;
			knownRegions = (
				en,
				Base,
			);
			mainGroup = 5AFBF9432164533300872218;
			productRefGroup = 5AFBF94D2164533300872218 /* Products */;
			projectDirPath = "";
			projectRoot = "";
			targets = (
				5AFBF94B2164533300872218 /* Cst495-Project */,
				5AFBF95F2164533400872218 /* Cst495-ProjectTests */,
				5AFBF96A2164533400872218 /* Cst495-ProjectUITests */,
			);
		};
/* End PBXProject section */

/* Begin PBXResourcesBuildPhase section */
		5AFBF94A2164533300872218 /* Resources */ = {
			isa = PBXResourcesBuildPhase;
			buildActionMask = 2147483647;
			files = (
				5AFBF95A2164533400872218 /* LaunchScreen.storyboard in Resources */,
				5AFBF9572164533400872218 /* Assets.xcassets in Resources */,
				A353E90C21AE751400BC262F /* PinView.xib in Resources */,
				5AFBF9552164533300872218 /* Main.storyboard in Resources */,
			);
			runOnlyForDeploymentPostprocessing = 0;
		};
		5AFBF95E2164533400872218 /* Resources */ = {
			isa = PBXResourcesBuildPhase;
			buildActionMask = 2147483647;
			files = (
			);
			runOnlyForDeploymentPostprocessing = 0;
		};
		5AFBF9692164533400872218 /* Resources */ = {
			isa = PBXResourcesBuildPhase;
			buildActionMask = 2147483647;
			files = (
			);
			runOnlyForDeploymentPostprocessing = 0;
		};
/* End PBXResourcesBuildPhase section */

/* Begin PBXShellScriptBuildPhase section */
		278602EA7B5D4F5869F31E2B /* [CP] Embed Pods Frameworks */ = {
			isa = PBXShellScriptBuildPhase;
			buildActionMask = 2147483647;
			files = (
			);
			inputFileListPaths = (
			);
			inputPaths = (
				"${SRCROOT}/Pods/Target Support Files/Pods-Cst495-Project/Pods-Cst495-Project-frameworks.sh",
				"${BUILT_PRODUCTS_DIR}/Bolts/Bolts.framework",
				"${BUILT_PRODUCTS_DIR}/Kingfisher/Kingfisher.framework",
				"${BUILT_PRODUCTS_DIR}/MapViewPlus/MapViewPlus.framework",
				"${BUILT_PRODUCTS_DIR}/Parse/Parse.framework",
				"${BUILT_PRODUCTS_DIR}/ParseUI/ParseUI.framework",
			);
			name = "[CP] Embed Pods Frameworks";
			outputFileListPaths = (
			);
			outputPaths = (
				"${TARGET_BUILD_DIR}/${FRAMEWORKS_FOLDER_PATH}/Bolts.framework",
				"${TARGET_BUILD_DIR}/${FRAMEWORKS_FOLDER_PATH}/Kingfisher.framework",
				"${TARGET_BUILD_DIR}/${FRAMEWORKS_FOLDER_PATH}/MapViewPlus.framework",
				"${TARGET_BUILD_DIR}/${FRAMEWORKS_FOLDER_PATH}/Parse.framework",
				"${TARGET_BUILD_DIR}/${FRAMEWORKS_FOLDER_PATH}/ParseUI.framework",
			);
			runOnlyForDeploymentPostprocessing = 0;
			shellPath = /bin/sh;
			shellScript = "\"${SRCROOT}/Pods/Target Support Files/Pods-Cst495-Project/Pods-Cst495-Project-frameworks.sh\"\n";
			showEnvVarsInLog = 0;
		};
		927183FF06D30DE9B6AACD57 /* [CP] Check Pods Manifest.lock */ = {
			isa = PBXShellScriptBuildPhase;
			buildActionMask = 2147483647;
			files = (
			);
			inputPaths = (
				"${PODS_PODFILE_DIR_PATH}/Podfile.lock",
				"${PODS_ROOT}/Manifest.lock",
			);
			name = "[CP] Check Pods Manifest.lock";
			outputPaths = (
				"$(DERIVED_FILE_DIR)/Pods-Cst495-ProjectUITests-checkManifestLockResult.txt",
			);
			runOnlyForDeploymentPostprocessing = 0;
			shellPath = /bin/sh;
			shellScript = "diff \"${PODS_PODFILE_DIR_PATH}/Podfile.lock\" \"${PODS_ROOT}/Manifest.lock\" > /dev/null\nif [ $? != 0 ] ; then\n    # print error to STDERR\n    echo \"error: The sandbox is not in sync with the Podfile.lock. Run 'pod install' or update your CocoaPods installation.\" >&2\n    exit 1\nfi\n# This output is used by Xcode 'outputs' to avoid re-running this script phase.\necho \"SUCCESS\" > \"${SCRIPT_OUTPUT_FILE_0}\"\n";
			showEnvVarsInLog = 0;
		};
		D9BAF6E28C2F1065AB331A83 /* [CP] Check Pods Manifest.lock */ = {
			isa = PBXShellScriptBuildPhase;
			buildActionMask = 2147483647;
			files = (
			);
			inputPaths = (
				"${PODS_PODFILE_DIR_PATH}/Podfile.lock",
				"${PODS_ROOT}/Manifest.lock",
			);
			name = "[CP] Check Pods Manifest.lock";
			outputPaths = (
				"$(DERIVED_FILE_DIR)/Pods-Cst495-ProjectTests-checkManifestLockResult.txt",
			);
			runOnlyForDeploymentPostprocessing = 0;
			shellPath = /bin/sh;
			shellScript = "diff \"${PODS_PODFILE_DIR_PATH}/Podfile.lock\" \"${PODS_ROOT}/Manifest.lock\" > /dev/null\nif [ $? != 0 ] ; then\n    # print error to STDERR\n    echo \"error: The sandbox is not in sync with the Podfile.lock. Run 'pod install' or update your CocoaPods installation.\" >&2\n    exit 1\nfi\n# This output is used by Xcode 'outputs' to avoid re-running this script phase.\necho \"SUCCESS\" > \"${SCRIPT_OUTPUT_FILE_0}\"\n";
			showEnvVarsInLog = 0;
		};
		FFA080A4FE9BAD5DE9B0A0A2 /* [CP] Check Pods Manifest.lock */ = {
			isa = PBXShellScriptBuildPhase;
			buildActionMask = 2147483647;
			files = (
			);
			inputPaths = (
				"${PODS_PODFILE_DIR_PATH}/Podfile.lock",
				"${PODS_ROOT}/Manifest.lock",
			);
			name = "[CP] Check Pods Manifest.lock";
			outputPaths = (
				"$(DERIVED_FILE_DIR)/Pods-Cst495-Project-checkManifestLockResult.txt",
			);
			runOnlyForDeploymentPostprocessing = 0;
			shellPath = /bin/sh;
			shellScript = "diff \"${PODS_PODFILE_DIR_PATH}/Podfile.lock\" \"${PODS_ROOT}/Manifest.lock\" > /dev/null\nif [ $? != 0 ] ; then\n    # print error to STDERR\n    echo \"error: The sandbox is not in sync with the Podfile.lock. Run 'pod install' or update your CocoaPods installation.\" >&2\n    exit 1\nfi\n# This output is used by Xcode 'outputs' to avoid re-running this script phase.\necho \"SUCCESS\" > \"${SCRIPT_OUTPUT_FILE_0}\"\n";
			showEnvVarsInLog = 0;
		};
/* End PBXShellScriptBuildPhase section */

/* Begin PBXSourcesBuildPhase section */
		5AFBF9482164533300872218 /* Sources */ = {
			isa = PBXSourcesBuildPhase;
			buildActionMask = 2147483647;
			files = (
				D115DBD8217FF7F900228076 /* LoginViewController.swift in Sources */,
				D115DBDC218012D600228076 /* MapViewController.swift in Sources */,
				5AFBF9502164533300872218 /* AppDelegate.swift in Sources */,
				D128B40D21837A6A00E9168E /* PostViewController.swift in Sources */,
				A353E90A21AE6F5D00BC262F /* CalloutViewModel.swift in Sources */,
				A37D2CB921B8344700927C7A /* CalloutView.swift in Sources */,
			);
			runOnlyForDeploymentPostprocessing = 0;
		};
		5AFBF95C2164533400872218 /* Sources */ = {
			isa = PBXSourcesBuildPhase;
			buildActionMask = 2147483647;
			files = (
				5AFBF9652164533400872218 /* Cst495_ProjectTests.swift in Sources */,
			);
			runOnlyForDeploymentPostprocessing = 0;
		};
		5AFBF9672164533400872218 /* Sources */ = {
			isa = PBXSourcesBuildPhase;
			buildActionMask = 2147483647;
			files = (
				5AFBF9702164533400872218 /* Cst495_ProjectUITests.swift in Sources */,
			);
			runOnlyForDeploymentPostprocessing = 0;
		};
/* End PBXSourcesBuildPhase section */

/* Begin PBXTargetDependency section */
		5AFBF9622164533400872218 /* PBXTargetDependency */ = {
			isa = PBXTargetDependency;
			target = 5AFBF94B2164533300872218 /* Cst495-Project */;
			targetProxy = 5AFBF9612164533400872218 /* PBXContainerItemProxy */;
		};
		5AFBF96D2164533400872218 /* PBXTargetDependency */ = {
			isa = PBXTargetDependency;
			target = 5AFBF94B2164533300872218 /* Cst495-Project */;
			targetProxy = 5AFBF96C2164533400872218 /* PBXContainerItemProxy */;
		};
/* End PBXTargetDependency section */

/* Begin PBXVariantGroup section */
		5AFBF9532164533300872218 /* Main.storyboard */ = {
			isa = PBXVariantGroup;
			children = (
				5AFBF9542164533300872218 /* Base */,
			);
			name = Main.storyboard;
			sourceTree = "<group>";
		};
		5AFBF9582164533400872218 /* LaunchScreen.storyboard */ = {
			isa = PBXVariantGroup;
			children = (
				5AFBF9592164533400872218 /* Base */,
			);
			name = LaunchScreen.storyboard;
			sourceTree = "<group>";
		};
/* End PBXVariantGroup section */

/* Begin XCBuildConfiguration section */
		5AFBF9722164533400872218 /* Debug */ = {
			isa = XCBuildConfiguration;
			buildSettings = {
				ALWAYS_SEARCH_USER_PATHS = NO;
				CLANG_ANALYZER_NONNULL = YES;
				CLANG_ANALYZER_NUMBER_OBJECT_CONVERSION = YES_AGGRESSIVE;
				CLANG_CXX_LANGUAGE_STANDARD = "gnu++14";
				CLANG_CXX_LIBRARY = "libc++";
				CLANG_ENABLE_MODULES = YES;
				CLANG_ENABLE_OBJC_ARC = YES;
				CLANG_ENABLE_OBJC_WEAK = YES;
				CLANG_WARN_BLOCK_CAPTURE_AUTORELEASING = YES;
				CLANG_WARN_BOOL_CONVERSION = YES;
				CLANG_WARN_COMMA = YES;
				CLANG_WARN_CONSTANT_CONVERSION = YES;
				CLANG_WARN_DEPRECATED_OBJC_IMPLEMENTATIONS = YES;
				CLANG_WARN_DIRECT_OBJC_ISA_USAGE = YES_ERROR;
				CLANG_WARN_DOCUMENTATION_COMMENTS = YES;
				CLANG_WARN_EMPTY_BODY = YES;
				CLANG_WARN_ENUM_CONVERSION = YES;
				CLANG_WARN_INFINITE_RECURSION = YES;
				CLANG_WARN_INT_CONVERSION = YES;
				CLANG_WARN_NON_LITERAL_NULL_CONVERSION = YES;
				CLANG_WARN_OBJC_IMPLICIT_RETAIN_SELF = YES;
				CLANG_WARN_OBJC_LITERAL_CONVERSION = YES;
				CLANG_WARN_OBJC_ROOT_CLASS = YES_ERROR;
				CLANG_WARN_RANGE_LOOP_ANALYSIS = YES;
				CLANG_WARN_STRICT_PROTOTYPES = YES;
				CLANG_WARN_SUSPICIOUS_MOVE = YES;
				CLANG_WARN_UNGUARDED_AVAILABILITY = YES_AGGRESSIVE;
				CLANG_WARN_UNREACHABLE_CODE = YES;
				CLANG_WARN__DUPLICATE_METHOD_MATCH = YES;
				CODE_SIGN_IDENTITY = "iPhone Developer";
				COPY_PHASE_STRIP = NO;
				DEBUG_INFORMATION_FORMAT = dwarf;
				ENABLE_STRICT_OBJC_MSGSEND = YES;
				ENABLE_TESTABILITY = YES;
				GCC_C_LANGUAGE_STANDARD = gnu11;
				GCC_DYNAMIC_NO_PIC = NO;
				GCC_NO_COMMON_BLOCKS = YES;
				GCC_OPTIMIZATION_LEVEL = 0;
				GCC_PREPROCESSOR_DEFINITIONS = (
					"DEBUG=1",
					"$(inherited)",
				);
				GCC_WARN_64_TO_32_BIT_CONVERSION = YES;
				GCC_WARN_ABOUT_RETURN_TYPE = YES_ERROR;
				GCC_WARN_UNDECLARED_SELECTOR = YES;
				GCC_WARN_UNINITIALIZED_AUTOS = YES_AGGRESSIVE;
				GCC_WARN_UNUSED_FUNCTION = YES;
				GCC_WARN_UNUSED_VARIABLE = YES;
				IPHONEOS_DEPLOYMENT_TARGET = 10.0;
				MTL_ENABLE_DEBUG_INFO = INCLUDE_SOURCE;
				MTL_FAST_MATH = YES;
				ONLY_ACTIVE_ARCH = YES;
				SDKROOT = iphoneos;
				SWIFT_ACTIVE_COMPILATION_CONDITIONS = DEBUG;
				SWIFT_OPTIMIZATION_LEVEL = "-Onone";
			};
			name = Debug;
		};
		5AFBF9732164533400872218 /* Release */ = {
			isa = XCBuildConfiguration;
			buildSettings = {
				ALWAYS_SEARCH_USER_PATHS = NO;
				CLANG_ANALYZER_NONNULL = YES;
				CLANG_ANALYZER_NUMBER_OBJECT_CONVERSION = YES_AGGRESSIVE;
				CLANG_CXX_LANGUAGE_STANDARD = "gnu++14";
				CLANG_CXX_LIBRARY = "libc++";
				CLANG_ENABLE_MODULES = YES;
				CLANG_ENABLE_OBJC_ARC = YES;
				CLANG_ENABLE_OBJC_WEAK = YES;
				CLANG_WARN_BLOCK_CAPTURE_AUTORELEASING = YES;
				CLANG_WARN_BOOL_CONVERSION = YES;
				CLANG_WARN_COMMA = YES;
				CLANG_WARN_CONSTANT_CONVERSION = YES;
				CLANG_WARN_DEPRECATED_OBJC_IMPLEMENTATIONS = YES;
				CLANG_WARN_DIRECT_OBJC_ISA_USAGE = YES_ERROR;
				CLANG_WARN_DOCUMENTATION_COMMENTS = YES;
				CLANG_WARN_EMPTY_BODY = YES;
				CLANG_WARN_ENUM_CONVERSION = YES;
				CLANG_WARN_INFINITE_RECURSION = YES;
				CLANG_WARN_INT_CONVERSION = YES;
				CLANG_WARN_NON_LITERAL_NULL_CONVERSION = YES;
				CLANG_WARN_OBJC_IMPLICIT_RETAIN_SELF = YES;
				CLANG_WARN_OBJC_LITERAL_CONVERSION = YES;
				CLANG_WARN_OBJC_ROOT_CLASS = YES_ERROR;
				CLANG_WARN_RANGE_LOOP_ANALYSIS = YES;
				CLANG_WARN_STRICT_PROTOTYPES = YES;
				CLANG_WARN_SUSPICIOUS_MOVE = YES;
				CLANG_WARN_UNGUARDED_AVAILABILITY = YES_AGGRESSIVE;
				CLANG_WARN_UNREACHABLE_CODE = YES;
				CLANG_WARN__DUPLICATE_METHOD_MATCH = YES;
				CODE_SIGN_IDENTITY = "iPhone Developer";
				COPY_PHASE_STRIP = NO;
				DEBUG_INFORMATION_FORMAT = "dwarf-with-dsym";
				ENABLE_NS_ASSERTIONS = NO;
				ENABLE_STRICT_OBJC_MSGSEND = YES;
				GCC_C_LANGUAGE_STANDARD = gnu11;
				GCC_NO_COMMON_BLOCKS = YES;
				GCC_WARN_64_TO_32_BIT_CONVERSION = YES;
				GCC_WARN_ABOUT_RETURN_TYPE = YES_ERROR;
				GCC_WARN_UNDECLARED_SELECTOR = YES;
				GCC_WARN_UNINITIALIZED_AUTOS = YES_AGGRESSIVE;
				GCC_WARN_UNUSED_FUNCTION = YES;
				GCC_WARN_UNUSED_VARIABLE = YES;
				IPHONEOS_DEPLOYMENT_TARGET = 10.0;
				MTL_ENABLE_DEBUG_INFO = NO;
				MTL_FAST_MATH = YES;
				SDKROOT = iphoneos;
				SWIFT_COMPILATION_MODE = wholemodule;
				SWIFT_OPTIMIZATION_LEVEL = "-O";
				VALIDATE_PRODUCT = YES;
			};
			name = Release;
		};
		5AFBF9752164533400872218 /* Debug */ = {
			isa = XCBuildConfiguration;
			baseConfigurationReference = 5B6C99CA0B489E97BCA5778A /* Pods-Cst495-Project.debug.xcconfig */;
			buildSettings = {
				ASSETCATALOG_COMPILER_APPICON_NAME = AppIcon;
				CODE_SIGN_IDENTITY = "iPhone Developer";
				CODE_SIGN_STYLE = Automatic;
				DEVELOPMENT_TEAM = 9W83V27F4X;
				INFOPLIST_FILE = "Cst495-Project/Info.plist";
				IPHONEOS_DEPLOYMENT_TARGET = 12.0;
				LD_RUNPATH_SEARCH_PATHS = (
					"$(inherited)",
					"@executable_path/Frameworks",
				);
				PRODUCT_BUNDLE_IDENTIFIER = "isarodriguez.Cst495-Project2";
				PRODUCT_NAME = "$(TARGET_NAME)";
				PROVISIONING_PROFILE_SPECIFIER = "";
				SWIFT_VERSION = 4.2;
				TARGETED_DEVICE_FAMILY = "1,2";
			};
			name = Debug;
		};
		5AFBF9762164533400872218 /* Release */ = {
			isa = XCBuildConfiguration;
			baseConfigurationReference = 424E9FB573ED054F38641403 /* Pods-Cst495-Project.release.xcconfig */;
			buildSettings = {
				ASSETCATALOG_COMPILER_APPICON_NAME = AppIcon;
				CODE_SIGN_IDENTITY = "iPhone Developer";
				CODE_SIGN_STYLE = Automatic;
				DEVELOPMENT_TEAM = 9W83V27F4X;
				INFOPLIST_FILE = "Cst495-Project/Info.plist";
				IPHONEOS_DEPLOYMENT_TARGET = 12.0;
				LD_RUNPATH_SEARCH_PATHS = (
					"$(inherited)",
					"@executable_path/Frameworks",
				);
				PRODUCT_BUNDLE_IDENTIFIER = "isarodriguez.Cst495-Project2";
				PRODUCT_NAME = "$(TARGET_NAME)";
				PROVISIONING_PROFILE_SPECIFIER = "";
				SWIFT_VERSION = 4.2;
				TARGETED_DEVICE_FAMILY = "1,2";
			};
			name = Release;
		};
		5AFBF9782164533400872218 /* Debug */ = {
			isa = XCBuildConfiguration;
			baseConfigurationReference = A49AA9F26121561B304BF865 /* Pods-Cst495-ProjectTests.debug.xcconfig */;
			buildSettings = {
				ALWAYS_EMBED_SWIFT_STANDARD_LIBRARIES = YES;
				BUNDLE_LOADER = "$(TEST_HOST)";
				CODE_SIGN_STYLE = Automatic;
				INFOPLIST_FILE = "Cst495-ProjectTests/Info.plist";
				LD_RUNPATH_SEARCH_PATHS = (
					"$(inherited)",
					"@executable_path/Frameworks",
					"@loader_path/Frameworks",
				);
				PRODUCT_BUNDLE_IDENTIFIER = "rbradley.Cst495-ProjectTests";
				PRODUCT_NAME = "$(TARGET_NAME)";
				SWIFT_VERSION = 4.2;
				TARGETED_DEVICE_FAMILY = "1,2";
				TEST_HOST = "$(BUILT_PRODUCTS_DIR)/Cst495-Project.app/Cst495-Project";
			};
			name = Debug;
		};
		5AFBF9792164533400872218 /* Release */ = {
			isa = XCBuildConfiguration;
			baseConfigurationReference = 91908848FFCD836423C54C92 /* Pods-Cst495-ProjectTests.release.xcconfig */;
			buildSettings = {
				ALWAYS_EMBED_SWIFT_STANDARD_LIBRARIES = YES;
				BUNDLE_LOADER = "$(TEST_HOST)";
				CODE_SIGN_STYLE = Automatic;
				INFOPLIST_FILE = "Cst495-ProjectTests/Info.plist";
				LD_RUNPATH_SEARCH_PATHS = (
					"$(inherited)",
					"@executable_path/Frameworks",
					"@loader_path/Frameworks",
				);
				PRODUCT_BUNDLE_IDENTIFIER = "rbradley.Cst495-ProjectTests";
				PRODUCT_NAME = "$(TARGET_NAME)";
				SWIFT_VERSION = 4.2;
				TARGETED_DEVICE_FAMILY = "1,2";
				TEST_HOST = "$(BUILT_PRODUCTS_DIR)/Cst495-Project.app/Cst495-Project";
			};
			name = Release;
		};
		5AFBF97B2164533400872218 /* Debug */ = {
			isa = XCBuildConfiguration;
			baseConfigurationReference = E290C61A3008D571DD1CCD57 /* Pods-Cst495-ProjectUITests.debug.xcconfig */;
			buildSettings = {
				ALWAYS_EMBED_SWIFT_STANDARD_LIBRARIES = YES;
				CODE_SIGN_STYLE = Automatic;
				INFOPLIST_FILE = "Cst495-ProjectUITests/Info.plist";
				LD_RUNPATH_SEARCH_PATHS = (
					"$(inherited)",
					"@executable_path/Frameworks",
					"@loader_path/Frameworks",
				);
				PRODUCT_BUNDLE_IDENTIFIER = "rbradley.Cst495-ProjectUITests";
				PRODUCT_NAME = "$(TARGET_NAME)";
				SWIFT_VERSION = 4.2;
				TARGETED_DEVICE_FAMILY = "1,2";
				TEST_TARGET_NAME = "Cst495-Project";
			};
			name = Debug;
		};
		5AFBF97C2164533400872218 /* Release */ = {
			isa = XCBuildConfiguration;
			baseConfigurationReference = 9602817BA79DEAF23BDBFD15 /* Pods-Cst495-ProjectUITests.release.xcconfig */;
			buildSettings = {
				ALWAYS_EMBED_SWIFT_STANDARD_LIBRARIES = YES;
				CODE_SIGN_STYLE = Automatic;
				INFOPLIST_FILE = "Cst495-ProjectUITests/Info.plist";
				LD_RUNPATH_SEARCH_PATHS = (
					"$(inherited)",
					"@executable_path/Frameworks",
					"@loader_path/Frameworks",
				);
				PRODUCT_BUNDLE_IDENTIFIER = "rbradley.Cst495-ProjectUITests";
				PRODUCT_NAME = "$(TARGET_NAME)";
				SWIFT_VERSION = 4.2;
				TARGETED_DEVICE_FAMILY = "1,2";
				TEST_TARGET_NAME = "Cst495-Project";
			};
			name = Release;
		};
/* End XCBuildConfiguration section */

/* Begin XCConfigurationList section */
		5AFBF9472164533300872218 /* Build configuration list for PBXProject "Cst495-Project" */ = {
			isa = XCConfigurationList;
			buildConfigurations = (
				5AFBF9722164533400872218 /* Debug */,
				5AFBF9732164533400872218 /* Release */,
			);
			defaultConfigurationIsVisible = 0;
			defaultConfigurationName = Release;
		};
		5AFBF9742164533400872218 /* Build configuration list for PBXNativeTarget "Cst495-Project" */ = {
			isa = XCConfigurationList;
			buildConfigurations = (
				5AFBF9752164533400872218 /* Debug */,
				5AFBF9762164533400872218 /* Release */,
			);
			defaultConfigurationIsVisible = 0;
			defaultConfigurationName = Release;
		};
		5AFBF9772164533400872218 /* Build configuration list for PBXNativeTarget "Cst495-ProjectTests" */ = {
			isa = XCConfigurationList;
			buildConfigurations = (
				5AFBF9782164533400872218 /* Debug */,
				5AFBF9792164533400872218 /* Release */,
			);
			defaultConfigurationIsVisible = 0;
			defaultConfigurationName = Release;
		};
		5AFBF97A2164533400872218 /* Build configuration list for PBXNativeTarget "Cst495-ProjectUITests" */ = {
			isa = XCConfigurationList;
			buildConfigurations = (
				5AFBF97B2164533400872218 /* Debug */,
				5AFBF97C2164533400872218 /* Release */,
			);
			defaultConfigurationIsVisible = 0;
			defaultConfigurationName = Release;
		};
/* End XCConfigurationList section */
	};
	rootObject = 5AFBF9442164533300872218 /* Project object */;
}
